
Microsoft Visual Studio Solution File, Format Version 12.00
# Visual Studio Version 17
VisualStudioVersion = 17.6.33801.468
MinimumVisualStudioVersion = 10.0.40219.1
Project("{9A19103F-16F7-4668-BE54-9A1E7A4F7556}") = "Migration", "Migration\Migration.csproj", "{5F71460A-19ED-4257-8520-567F808F5422}"
EndProject
Project("{9A19103F-16F7-4668-BE54-9A1E7A4F7556}") = "Sc.Models", "Sc.Models\Sc.Models.csproj", "{F9D9C89E-36AC-46A4-8EA1-7DE0017A4E21}"
EndProject
Project("{9A19103F-16F7-4668-BE54-9A1E7A4F7556}") = "Infrastructure", "Infrastructure\Infrastructure.csproj", "{435CC763-F29E-4F6C-A091-FCF906E57A19}"
EndProject
Global
	GlobalSection(SolutionConfigurationPlatforms) = preSolution
		Debug|Any CPU = Debug|Any CPU
		Release|Any CPU = Release|Any CPU
	EndGlobalSection
	GlobalSection(ProjectConfigurationPlatforms) = postSolution
		{5F71460A-19ED-4257-8520-567F808F5422}.Debug|Any CPU.ActiveCfg = Debug|Any CPU
		{5F71460A-19ED-4257-8520-567F808F5422}.Debug|Any CPU.Build.0 = Debug|Any CPU
		{5F71460A-19ED-4257-8520-567F808F5422}.Release|Any CPU.ActiveCfg = Release|Any CPU
		{5F71460A-19ED-4257-8520-567F808F5422}.Release|Any CPU.Build.0 = Release|Any CPU
		{F9D9C89E-36AC-46A4-8EA1-7DE0017A4E21}.Debug|Any CPU.ActiveCfg = Debug|Any CPU
		{F9D9C89E-36AC-46A4-8EA1-7DE0017A4E21}.Debug|Any CPU.Build.0 = Debug|Any CPU
		{F9D9C89E-36AC-46A4-8EA1-7DE0017A4E21}.Release|Any CPU.ActiveCfg = Release|Any CPU
		{F9D9C89E-36AC-46A4-8EA1-7DE0017A4E21}.Release|Any CPU.Build.0 = Release|Any CPU
		{435CC763-F29E-4F6C-A091-FCF906E57A19}.Debug|Any CPU.ActiveCfg = Debug|Any CPU
		{435CC763-F29E-4F6C-A091-FCF906E57A19}.Debug|Any CPU.Build.0 = Debug|Any CPU
		{435CC763-F29E-4F6C-A091-FCF906E57A19}.Release|Any CPU.ActiveCfg = Release|Any CPU
		{435CC763-F29E-4F6C-A091-FCF906E57A19}.Release|Any CPU.Build.0 = Release|Any CPU
	EndGlobalSection
	GlobalSection(SolutionProperties) = preSolution
		HideSolutionNode = FALSE
	EndGlobalSection
	GlobalSection(ExtensibilityGlobals) = postSolution
		SolutionGuid = {C8F4027E-A4FE-4157-93E8-1C087BB1A6F9}
	EndGlobalSection
EndGlobal
