
Microsoft Visual Studio Solution File, Format Version 12.00
# Visual Studio Version 17
VisualStudioVersion = 17.6.33801.468
MinimumVisualStudioVersion = 10.0.40219.1
Project("{9A19103F-16F7-4668-BE54-9A1E7A4F7556}") = "Server", "Server\Server.csproj", "{4B1ACC75-CD52-48B1-AC54-6CA2266ED2CE}"
EndProject
Project("{9A19103F-16F7-4668-BE54-9A1E7A4F7556}") = "Sc.Models", "Sc.Models\Sc.Models.csproj", "{51E52F3F-F240-439A-9840-F8368AFDC33B}"
EndProject
Project("{9A19103F-16F7-4668-BE54-9A1E7A4F7556}") = "Infrastructure", "Infrastructure\Infrastructure.csproj", "{90AB7AC2-3E2C-4298-B536-6D605282D5CE}"
EndProject
Project("{9A19103F-16F7-4668-BE54-9A1E7A4F7556}") = "Middlewares", "Middlewares\Middlewares.csproj", "{8A6EB37C-949E-4A5F-9628-57DAF12938A2}"
EndProject
Project("{9A19103F-16F7-4668-BE54-9A1E7A4F7556}") = "Sc.Repositories", "Sc.Repositories\Sc.Repositories.csproj", "{8CE65EAE-79BC-4E1F-B19B-DA2177F8D86C}"
EndProject
Project("{9A19103F-16F7-4668-BE54-9A1E7A4F7556}") = "Sc.Services", "Sc.Services\Sc.Services.csproj", "{52663EFA-7A31-4002-8285-621E2549224E}"
EndProject
Project("{9A19103F-16F7-4668-BE54-9A1E7A4F7556}") = "Integrations", "Integrations\Integrations.csproj", "{F59143C1-1857-4704-AFD2-DBD0CDD95AAA}"
EndProject
Project("{9A19103F-16F7-4668-BE54-9A1E7A4F7556}") = "Logs", "Logs\Logs.csproj", "{76AABD0F-2329-4FE2-9D3E-2A3E8C56D82B}"
EndProject
Project("{9A19103F-16F7-4668-BE54-9A1E7A4F7556}") = "MessageBroker", "MessageBroker\MessageBroker.csproj", "{F046117C-42DE-43FF-A913-42C1F9064427}"
EndProject
Project("{9A19103F-16F7-4668-BE54-9A1E7A4F7556}") = "Sc.Solr", "Sc.Solr\Sc.Solr.csproj", "{63C20BD3-ADAB-43D4-8782-DDEB60672B6A}"
EndProject
Project("{9A19103F-16F7-4668-BE54-9A1E7A4F7556}") = "Sc.UnitTests", "Sc.UnitTests\Sc.UnitTests.csproj", "{EAED946B-459D-4679-B170-851ABF55F97F}"
EndProject
Project("{9A19103F-16F7-4668-BE54-9A1E7A4F7556}") = "Sc.SignalR", "Sc.SignalR\Sc.SignalR.csproj", "{155CAF9D-9622-497C-A041-F284287EF1ED}"
EndProject
Project("{9A19103F-16F7-4668-BE54-9A1E7A4F7556}") = "Sc.Reports", "Sc.Reports\Sc.Reports.csproj", "{85EFADB4-1483-4098-A7D3-765AFD674121}"
EndProject
Project("{FAE04EC0-301F-11D3-BF4B-00C04F79EFBC}") = "Sc.Jobs", "Sc.Jobs\Sc.Jobs.csproj", "{94439F14-CBD5-4A05-BC37-8F14D5EA540A}"
EndProject
Global
	GlobalSection(SolutionConfigurationPlatforms) = preSolution
		Debug|Any CPU = Debug|Any CPU
		Release|Any CPU = Release|Any CPU
	EndGlobalSection
	GlobalSection(ProjectConfigurationPlatforms) = postSolution
		{4B1ACC75-CD52-48B1-AC54-6CA2266ED2CE}.Debug|Any CPU.ActiveCfg = Debug|Any CPU
		{4B1ACC75-CD52-48B1-AC54-6CA2266ED2CE}.Debug|Any CPU.Build.0 = Debug|Any CPU
		{4B1ACC75-CD52-48B1-AC54-6CA2266ED2CE}.Release|Any CPU.ActiveCfg = Release|Any CPU
		{4B1ACC75-CD52-48B1-AC54-6CA2266ED2CE}.Release|Any CPU.Build.0 = Release|Any CPU
		{51E52F3F-F240-439A-9840-F8368AFDC33B}.Debug|Any CPU.ActiveCfg = Debug|Any CPU
		{51E52F3F-F240-439A-9840-F8368AFDC33B}.Debug|Any CPU.Build.0 = Debug|Any CPU
		{51E52F3F-F240-439A-9840-F8368AFDC33B}.Release|Any CPU.ActiveCfg = Release|Any CPU
		{51E52F3F-F240-439A-9840-F8368AFDC33B}.Release|Any CPU.Build.0 = Release|Any CPU
		{90AB7AC2-3E2C-4298-B536-6D605282D5CE}.Debug|Any CPU.ActiveCfg = Debug|Any CPU
		{90AB7AC2-3E2C-4298-B536-6D605282D5CE}.Debug|Any CPU.Build.0 = Debug|Any CPU
		{90AB7AC2-3E2C-4298-B536-6D605282D5CE}.Release|Any CPU.ActiveCfg = Release|Any CPU
		{90AB7AC2-3E2C-4298-B536-6D605282D5CE}.Release|Any CPU.Build.0 = Release|Any CPU
		{8A6EB37C-949E-4A5F-9628-57DAF12938A2}.Debug|Any CPU.ActiveCfg = Debug|Any CPU
		{8A6EB37C-949E-4A5F-9628-57DAF12938A2}.Debug|Any CPU.Build.0 = Debug|Any CPU
		{8A6EB37C-949E-4A5F-9628-57DAF12938A2}.Release|Any CPU.ActiveCfg = Release|Any CPU
		{8A6EB37C-949E-4A5F-9628-57DAF12938A2}.Release|Any CPU.Build.0 = Release|Any CPU
		{8CE65EAE-79BC-4E1F-B19B-DA2177F8D86C}.Debug|Any CPU.ActiveCfg = Debug|Any CPU
		{8CE65EAE-79BC-4E1F-B19B-DA2177F8D86C}.Debug|Any CPU.Build.0 = Debug|Any CPU
		{8CE65EAE-79BC-4E1F-B19B-DA2177F8D86C}.Release|Any CPU.ActiveCfg = Release|Any CPU
		{8CE65EAE-79BC-4E1F-B19B-DA2177F8D86C}.Release|Any CPU.Build.0 = Release|Any CPU
		{52663EFA-7A31-4002-8285-621E2549224E}.Debug|Any CPU.ActiveCfg = Debug|Any CPU
		{52663EFA-7A31-4002-8285-621E2549224E}.Debug|Any CPU.Build.0 = Debug|Any CPU
		{52663EFA-7A31-4002-8285-621E2549224E}.Release|Any CPU.ActiveCfg = Release|Any CPU
		{52663EFA-7A31-4002-8285-621E2549224E}.Release|Any CPU.Build.0 = Release|Any CPU
		{F59143C1-1857-4704-AFD2-DBD0CDD95AAA}.Debug|Any CPU.ActiveCfg = Debug|Any CPU
		{F59143C1-1857-4704-AFD2-DBD0CDD95AAA}.Debug|Any CPU.Build.0 = Debug|Any CPU
		{F59143C1-1857-4704-AFD2-DBD0CDD95AAA}.Release|Any CPU.ActiveCfg = Release|Any CPU
		{F59143C1-1857-4704-AFD2-DBD0CDD95AAA}.Release|Any CPU.Build.0 = Release|Any CPU
		{76AABD0F-2329-4FE2-9D3E-2A3E8C56D82B}.Debug|Any CPU.ActiveCfg = Debug|Any CPU
		{76AABD0F-2329-4FE2-9D3E-2A3E8C56D82B}.Debug|Any CPU.Build.0 = Debug|Any CPU
		{76AABD0F-2329-4FE2-9D3E-2A3E8C56D82B}.Release|Any CPU.ActiveCfg = Release|Any CPU
		{76AABD0F-2329-4FE2-9D3E-2A3E8C56D82B}.Release|Any CPU.Build.0 = Release|Any CPU
		{F046117C-42DE-43FF-A913-42C1F9064427}.Debug|Any CPU.ActiveCfg = Debug|Any CPU
		{F046117C-42DE-43FF-A913-42C1F9064427}.Debug|Any CPU.Build.0 = Debug|Any CPU
		{F046117C-42DE-43FF-A913-42C1F9064427}.Release|Any CPU.ActiveCfg = Release|Any CPU
		{F046117C-42DE-43FF-A913-42C1F9064427}.Release|Any CPU.Build.0 = Release|Any CPU
		{63C20BD3-ADAB-43D4-8782-DDEB60672B6A}.Debug|Any CPU.ActiveCfg = Debug|Any CPU
		{63C20BD3-ADAB-43D4-8782-DDEB60672B6A}.Debug|Any CPU.Build.0 = Debug|Any CPU
		{63C20BD3-ADAB-43D4-8782-DDEB60672B6A}.Release|Any CPU.ActiveCfg = Release|Any CPU
		{63C20BD3-ADAB-43D4-8782-DDEB60672B6A}.Release|Any CPU.Build.0 = Release|Any CPU
		{EAED946B-459D-4679-B170-851ABF55F97F}.Debug|Any CPU.ActiveCfg = Debug|Any CPU
		{EAED946B-459D-4679-B170-851ABF55F97F}.Debug|Any CPU.Build.0 = Debug|Any CPU
		{EAED946B-459D-4679-B170-851ABF55F97F}.Release|Any CPU.ActiveCfg = Release|Any CPU
		{EAED946B-459D-4679-B170-851ABF55F97F}.Release|Any CPU.Build.0 = Release|Any CPU
		{155CAF9D-9622-497C-A041-F284287EF1ED}.Debug|Any CPU.ActiveCfg = Debug|Any CPU
		{155CAF9D-9622-497C-A041-F284287EF1ED}.Debug|Any CPU.Build.0 = Debug|Any CPU
		{155CAF9D-9622-497C-A041-F284287EF1ED}.Release|Any CPU.ActiveCfg = Release|Any CPU
		{155CAF9D-9622-497C-A041-F284287EF1ED}.Release|Any CPU.Build.0 = Release|Any CPU
		{85EFADB4-1483-4098-A7D3-765AFD674121}.Debug|Any CPU.ActiveCfg = Debug|Any CPU
		{85EFADB4-1483-4098-A7D3-765AFD674121}.Debug|Any CPU.Build.0 = Debug|Any CPU
		{85EFADB4-1483-4098-A7D3-765AFD674121}.Release|Any CPU.ActiveCfg = Release|Any CPU
		{85EFADB4-1483-4098-A7D3-765AFD674121}.Release|Any CPU.Build.0 = Release|Any CPU
		{94439F14-CBD5-4A05-BC37-8F14D5EA540A}.Debug|Any CPU.ActiveCfg = Debug|Any CPU
		{94439F14-CBD5-4A05-BC37-8F14D5EA540A}.Debug|Any CPU.Build.0 = Debug|Any CPU
		{94439F14-CBD5-4A05-BC37-8F14D5EA540A}.Release|Any CPU.ActiveCfg = Release|Any CPU
		{94439F14-CBD5-4A05-BC37-8F14D5EA540A}.Release|Any CPU.Build.0 = Release|Any CPU
	EndGlobalSection
	GlobalSection(SolutionProperties) = preSolution
		HideSolutionNode = FALSE
	EndGlobalSection
	GlobalSection(ExtensibilityGlobals) = postSolution
		SolutionGuid = {EF04D3D0-6C61-4434-8D8E-43D7E493D9E8}
	EndGlobalSection
EndGlobal
